
Microsoft Visual Studio Solution File, Format Version 11.00
# Visual C++ Express 2010
Project("{8BC9CEB8-8B4A-11D0-8D11-00A0C91BC942}") = "nist_core", "nist_core\nist_core.vcxproj", "{ABAEDC09-C3D7-4256-A7B6-19D63702D6F6}"
EndProject
Project("{8BC9CEB8-8B4A-11D0-8D11-00A0C91BC942}") = "ulapi_test", "ulapi_test\ulapi_test.vcxproj", "{2DA773B3-D63B-437D-BB23-0E56DF6C1312}"
	ProjectSection(ProjectDependencies) = postProject
		{ABAEDC09-C3D7-4256-A7B6-19D63702D6F6} = {ABAEDC09-C3D7-4256-A7B6-19D63702D6F6}
	EndProjectSection
EndProject
Project("{8BC9CEB8-8B4A-11D0-8D11-00A0C91BC942}") = "nist_core_dll", "nist_core_dll\nist_core_dll.vcxproj", "{24D91CCC-63F0-4825-843A-F8789E0E8927}"
	ProjectSection(ProjectDependencies) = postProject
		{ABAEDC09-C3D7-4256-A7B6-19D63702D6F6} = {ABAEDC09-C3D7-4256-A7B6-19D63702D6F6}
	EndProjectSection
EndProject
Global
	GlobalSection(SolutionConfigurationPlatforms) = preSolution
		Debug|Win32 = Debug|Win32
		Release|Win32 = Release|Win32
	EndGlobalSection
	GlobalSection(ProjectConfigurationPlatforms) = postSolution
		{ABAEDC09-C3D7-4256-A7B6-19D63702D6F6}.Debug|Win32.ActiveCfg = Debug|Win32
		{ABAEDC09-C3D7-4256-A7B6-19D63702D6F6}.Debug|Win32.Build.0 = Debug|Win32
		{ABAEDC09-C3D7-4256-A7B6-19D63702D6F6}.Release|Win32.ActiveCfg = Release|Win32
		{ABAEDC09-C3D7-4256-A7B6-19D63702D6F6}.Release|Win32.Build.0 = Release|Win32
		{2DA773B3-D63B-437D-BB23-0E56DF6C1312}.Debug|Win32.ActiveCfg = Debug|Win32
		{2DA773B3-D63B-437D-BB23-0E56DF6C1312}.Debug|Win32.Build.0 = Debug|Win32
		{2DA773B3-D63B-437D-BB23-0E56DF6C1312}.Release|Win32.ActiveCfg = Release|Win32
		{2DA773B3-D63B-437D-BB23-0E56DF6C1312}.Release|Win32.Build.0 = Release|Win32
		{24D91CCC-63F0-4825-843A-F8789E0E8927}.Debug|Win32.ActiveCfg = Debug|Win32
		{24D91CCC-63F0-4825-843A-F8789E0E8927}.Debug|Win32.Build.0 = Debug|Win32
		{24D91CCC-63F0-4825-843A-F8789E0E8927}.Release|Win32.ActiveCfg = Release|Win32
		{24D91CCC-63F0-4825-843A-F8789E0E8927}.Release|Win32.Build.0 = Release|Win32
	EndGlobalSection
	GlobalSection(SolutionProperties) = preSolution
		HideSolutionNode = FALSE
	EndGlobalSection
EndGlobal
