<?xml version="1.0" encoding="utf-8"?>
<Project ToolsVersion="4.0" xmlns="http://schemas.microsoft.com/developer/msbuild/2003">
  <ItemGroup>
    <Filter Include="Source Files">
      <UniqueIdentifier>{4FC737F1-C7A5-4376-A066-2A32D752A2FF}</UniqueIdentifier>
      <Extensions>cpp;c;cc;cxx;def;odl;idl;hpj;bat;asm;asmx</Extensions>
    </Filter>
    <Filter Include="Header Files">
      <UniqueIdentifier>{93995380-89BD-4b04-88EB-625FBE52EBFB}</UniqueIdentifier>
      <Extensions>h;hpp;hxx;hm;inl;inc;xsd</Extensions>
    </Filter>
    <Filter Include="Resource Files">
      <UniqueIdentifier>{67DA6AB6-F800-4c08-8B7A-83BB121AAD01}</UniqueIdentifier>
      <Extensions>rc;ico;cur;bmp;dlg;rc2;rct;bin;rgs;gif;jpg;jpeg;jpe;resx;tiff;tif;png;wav;mfcribbon-ms</Extensions>
    </Filter>
  </ItemGroup>
  <ItemGroup>
    <ClCompile Include="..\..\canonicalMsgView.cc">
      <Filter>Source Files</Filter>
    </ClCompile>
    <ClCompile Include="..\..\commandParser.cc">
      <Filter>Source Files</Filter>
    </ClCompile>
    <ClCompile Include="..\..\kittingViewer.cc">
      <Filter>Source Files</Filter>
    </ClCompile>
    <ClCompile Include="..\..\mouse.cc">
      <Filter>Source Files</Filter>
    </ClCompile>
    <ClCompile Include="..\..\Pose.cc">
      <Filter>Source Files</Filter>
    </ClCompile>
    <ClCompile Include="..\..\scoreKittingClasses.cc">
      <Filter>Source Files</Filter>
    </ClCompile>
    <ClCompile Include="..\..\scoreKittingLex.cc">
      <Filter>Source Files</Filter>
    </ClCompile>
    <ClCompile Include="..\..\scoreKittingYACC.cc">
      <Filter>Source Files</Filter>
    </ClCompile>
    <ClCompile Include="..\..\viewKitting.cc">
      <Filter>Source Files</Filter>
    </ClCompile>
    <ClCompile Include="..\..\xmlSchemaInstance.cc">
      <Filter>Source Files</Filter>
    </ClCompile>
    <ClCompile Include="..\..\kittingWorkstationClassesView.cc">
      <Filter>Source Files</Filter>
    </ClCompile>
    <ClCompile Include="..\..\kittingWorkstationLex.cc">
      <Filter>Source Files</Filter>
    </ClCompile>
    <ClCompile Include="..\..\kittingWorkstationYACC.cc">
      <Filter>Source Files</Filter>
    </ClCompile>
  </ItemGroup>
  <ItemGroup>
    <ClInclude Include="..\..\Pose.h">
      <Filter>Header Files</Filter>
    </ClInclude>
    <ClInclude Include="..\..\glut.h">
      <Filter>Header Files</Filter>
    </ClInclude>
    <ClInclude Include="..\..\freeglut_std.h">
      <Filter>Header Files</Filter>
    </ClInclude>
  </ItemGroup>
  <ItemGroup>
    <None Include="..\..\canonicalMsg.hh">
      <Filter>Header Files</Filter>
    </None>
    <None Include="..\..\commandParser.hh">
      <Filter>Header Files</Filter>
    </None>
    <None Include="..\..\kittingViewer.hh">
      <Filter>Header Files</Filter>
    </None>
    <None Include="..\..\xmlSchemaInstance.hh">
      <Filter>Header Files</Filter>
    </None>
    <None Include="..\..\mouse.hh">
      <Filter>Header Files</Filter>
    </None>
    <None Include="..\..\scoreKittingClasses.hh">
      <Filter>Header Files</Filter>
    </None>
    <None Include="..\..\scoreKittingYACC.hh">
      <Filter>Header Files</Filter>
    </None>
    <None Include="..\..\view.hh">
      <Filter>Header Files</Filter>
    </None>
    <None Include="..\..\kittingWorkstationClassesView.hh">
      <Filter>Header Files</Filter>
    </None>
    <None Include="..\..\kittingWorkstationYACC.hh">
      <Filter>Header Files</Filter>
    </None>
  </ItemGroup>
</Project>